
Microsoft Visual Studio Solution File, Format Version 12.00
# Visual Studio Version 16
VisualStudioVersion = 25.0.1705.4
MinimumVisualStudioVersion = 10.0.40219.1
Project("{FAE04EC0-301F-11D3-BF4B-00C04F79EFBC}") = "WebMagazine", "WebMagazine\WebMagazine.csproj", "{3925A8BC-198A-455B-A72E-11771BA8CF19}"
EndProject
Global
	GlobalSection(SolutionConfigurationPlatforms) = preSolution
		Debug|Any CPU = Debug|Any CPU
		Release|Any CPU = Release|Any CPU
	EndGlobalSection
	GlobalSection(ProjectConfigurationPlatforms) = postSolution
		{3925A8BC-198A-455B-A72E-11771BA8CF19}.Debug|Any CPU.ActiveCfg = Debug|Any CPU
		{3925A8BC-198A-455B-A72E-11771BA8CF19}.Debug|Any CPU.Build.0 = Debug|Any CPU
		{3925A8BC-198A-455B-A72E-11771BA8CF19}.Release|Any CPU.ActiveCfg = Release|Any CPU
		{3925A8BC-198A-455B-A72E-11771BA8CF19}.Release|Any CPU.Build.0 = Release|Any CPU
	EndGlobalSection
	GlobalSection(SolutionProperties) = preSolution
		HideSolutionNode = FALSE
	EndGlobalSection
	GlobalSection(ExtensibilityGlobals) = postSolution
		SolutionGuid = {A8008A48-05B7-4031-A421-335B50712F13}
	EndGlobalSection
EndGlobal
